
Microsoft Visual Studio Solution File, Format Version 12.00
# Visual Studio 2013
VisualStudioVersion = 12.0.21005.1
MinimumVisualStudioVersion = 10.0.40219.1
Project("{FAE04EC0-301F-11D3-BF4B-00C04F79EFBC}") = "Lottery", "Lottery\Lottery.csproj", "{FCAAA310-A0A3-4A0C-8150-838AE4B7F557}"
EndProject
Project("{FAE04EC0-301F-11D3-BF4B-00C04F79EFBC}") = "test", "test\test.csproj", "{EE0508D2-809D-4725-8DFC-019AEC490197}"
EndProject
Project("{FAE04EC0-301F-11D3-BF4B-00C04F79EFBC}") = "Model", "Model\Model.csproj", "{E1843D92-FE13-4B05-AACF-5AC65EFC6497}"
EndProject
Project("{FAE04EC0-301F-11D3-BF4B-00C04F79EFBC}") = "LotteryBuz", "LotteryBuz\LotteryBuz.csproj", "{0F998643-B722-4179-99DC-99BF870CA1E6}"
EndProject
Global
	GlobalSection(SolutionConfigurationPlatforms) = preSolution
		Debug|Any CPU = Debug|Any CPU
		Release|Any CPU = Release|Any CPU
	EndGlobalSection
	GlobalSection(ProjectConfigurationPlatforms) = postSolution
		{FCAAA310-A0A3-4A0C-8150-838AE4B7F557}.Debug|Any CPU.ActiveCfg = Debug|Any CPU
		{FCAAA310-A0A3-4A0C-8150-838AE4B7F557}.Debug|Any CPU.Build.0 = Debug|Any CPU
		{FCAAA310-A0A3-4A0C-8150-838AE4B7F557}.Release|Any CPU.ActiveCfg = Release|Any CPU
		{FCAAA310-A0A3-4A0C-8150-838AE4B7F557}.Release|Any CPU.Build.0 = Release|Any CPU
		{EE0508D2-809D-4725-8DFC-019AEC490197}.Debug|Any CPU.ActiveCfg = Debug|Any CPU
		{EE0508D2-809D-4725-8DFC-019AEC490197}.Debug|Any CPU.Build.0 = Debug|Any CPU
		{EE0508D2-809D-4725-8DFC-019AEC490197}.Release|Any CPU.ActiveCfg = Release|Any CPU
		{EE0508D2-809D-4725-8DFC-019AEC490197}.Release|Any CPU.Build.0 = Release|Any CPU
		{E1843D92-FE13-4B05-AACF-5AC65EFC6497}.Debug|Any CPU.ActiveCfg = Debug|Any CPU
		{E1843D92-FE13-4B05-AACF-5AC65EFC6497}.Debug|Any CPU.Build.0 = Debug|Any CPU
		{E1843D92-FE13-4B05-AACF-5AC65EFC6497}.Release|Any CPU.ActiveCfg = Release|Any CPU
		{E1843D92-FE13-4B05-AACF-5AC65EFC6497}.Release|Any CPU.Build.0 = Release|Any CPU
		{0F998643-B722-4179-99DC-99BF870CA1E6}.Debug|Any CPU.ActiveCfg = Debug|Any CPU
		{0F998643-B722-4179-99DC-99BF870CA1E6}.Debug|Any CPU.Build.0 = Debug|Any CPU
		{0F998643-B722-4179-99DC-99BF870CA1E6}.Release|Any CPU.ActiveCfg = Release|Any CPU
		{0F998643-B722-4179-99DC-99BF870CA1E6}.Release|Any CPU.Build.0 = Release|Any CPU
	EndGlobalSection
	GlobalSection(SolutionProperties) = preSolution
		HideSolutionNode = FALSE
	EndGlobalSection
EndGlobal
